
Microsoft Visual Studio Solution File, Format Version 12.00
# Visual Studio 15
VisualStudioVersion = 15.0.27004.2009
MinimumVisualStudioVersion = 10.0.40219.1
Project("{9A19103F-16F7-4668-BE54-9A1E7A4F7556}") = "SimpleAdo.Core", "SimpleAdo.Core\SimpleAdo.Core.csproj", "{CB67D132-CA1E-421D-AA2F-8841800611E4}"
EndProject
Project("{9A19103F-16F7-4668-BE54-9A1E7A4F7556}") = "SimpleAdo.Sqlite", "SimpleAdo.Sqlite\SimpleAdo.Sqlite.csproj", "{72E49ADB-F7AC-47EF-ABF4-91468F52009A}"
EndProject
Project("{2150E333-8FDC-42A3-9474-1A3956D46DE8}") = "Tests", "Tests", "{56E8F2F3-686A-458E-A6EB-F4B654798FEC}"
EndProject
Project("{FAE04EC0-301F-11D3-BF4B-00C04F79EFBC}") = "SimpleAdo.Sqlite.UnitTests", "Tests\SimpleAdo.Sqlite.UnitTests\SimpleAdo.Sqlite.UnitTests.csproj", "{E09B4E17-1ED6-4FEE-950F-4CDA41FE8025}"
EndProject
Global
	GlobalSection(SolutionConfigurationPlatforms) = preSolution
		Debug|Any CPU = Debug|Any CPU
		Release|Any CPU = Release|Any CPU
	EndGlobalSection
	GlobalSection(ProjectConfigurationPlatforms) = postSolution
		{CB67D132-CA1E-421D-AA2F-8841800611E4}.Debug|Any CPU.ActiveCfg = Debug|Any CPU
		{CB67D132-CA1E-421D-AA2F-8841800611E4}.Debug|Any CPU.Build.0 = Debug|Any CPU
		{CB67D132-CA1E-421D-AA2F-8841800611E4}.Release|Any CPU.ActiveCfg = Release|Any CPU
		{CB67D132-CA1E-421D-AA2F-8841800611E4}.Release|Any CPU.Build.0 = Release|Any CPU
		{72E49ADB-F7AC-47EF-ABF4-91468F52009A}.Debug|Any CPU.ActiveCfg = Debug|Any CPU
		{72E49ADB-F7AC-47EF-ABF4-91468F52009A}.Debug|Any CPU.Build.0 = Debug|Any CPU
		{72E49ADB-F7AC-47EF-ABF4-91468F52009A}.Release|Any CPU.ActiveCfg = Release|Any CPU
		{72E49ADB-F7AC-47EF-ABF4-91468F52009A}.Release|Any CPU.Build.0 = Release|Any CPU
		{E09B4E17-1ED6-4FEE-950F-4CDA41FE8025}.Debug|Any CPU.ActiveCfg = Debug|x86
		{E09B4E17-1ED6-4FEE-950F-4CDA41FE8025}.Debug|Any CPU.Build.0 = Debug|x86
		{E09B4E17-1ED6-4FEE-950F-4CDA41FE8025}.Release|Any CPU.ActiveCfg = Release|Any CPU
		{E09B4E17-1ED6-4FEE-950F-4CDA41FE8025}.Release|Any CPU.Build.0 = Release|Any CPU
	EndGlobalSection
	GlobalSection(SolutionProperties) = preSolution
		HideSolutionNode = FALSE
	EndGlobalSection
	GlobalSection(NestedProjects) = preSolution
		{E09B4E17-1ED6-4FEE-950F-4CDA41FE8025} = {56E8F2F3-686A-458E-A6EB-F4B654798FEC}
	EndGlobalSection
	GlobalSection(ExtensibilityGlobals) = postSolution
		SolutionGuid = {2F8A6B17-4C4E-465A-AA73-1E077ECA1E81}
	EndGlobalSection
EndGlobal
