
Microsoft Visual Studio Solution File, Format Version 12.00
# Visual Studio 15
VisualStudioVersion = 15.0.27004.2009
MinimumVisualStudioVersion = 10.0.40219.1
Project("{D954291E-2A0B-460D-934E-DC6B0785DB48}") = "SampleApp", "SampleApp.XamarinForms\SampleApp\SampleApp.shproj", "{1DCF6393-29C8-4444-8677-164EA4F8E8D6}"
EndProject
Project("{FAE04EC0-301F-11D3-BF4B-00C04F79EFBC}") = "SampleApp.Android", "SampleApp.XamarinForms\SampleApp.Android\SampleApp.Android.csproj", "{F65E8DC8-2B9E-4676-8DF1-09D4B9A5E9C7}"
EndProject
Project("{FAE04EC0-301F-11D3-BF4B-00C04F79EFBC}") = "SampleApp.iOS", "SampleApp.XamarinForms\SampleApp.iOS\SampleApp.iOS.csproj", "{D0D22348-AECE-47DD-9DAF-DAD281AABE4E}"
EndProject
Project("{FAE04EC0-301F-11D3-BF4B-00C04F79EFBC}") = "SampleApp.UWP", "SampleApp.XamarinForms\SampleApp.UWP\SampleApp.UWP.csproj", "{567A3079-FEAF-4398-8E78-30FE43253F5B}"
EndProject
Project("{2150E333-8FDC-42A3-9474-1A3956D46DE8}") = "Xamarin.Forms", "Xamarin.Forms", "{A6AE226C-80FE-4869-9D7C-1AAB7182B051}"
EndProject
Project("{FAE04EC0-301F-11D3-BF4B-00C04F79EFBC}") = "SampleApp.Wpf", "SampleApp.Wpf\SampleApp.Wpf.csproj", "{9478AC76-C193-437C-B0CE-FF76A8AB6C5C}"
EndProject
Project("{FAE04EC0-301F-11D3-BF4B-00C04F79EFBC}") = "SampleApp.WindowsUniversal", "SampleApp.WindowsUniversal\SampleApp.WindowsUniversal.csproj", "{F7A72B47-C581-400E-ABFB-9D56AB17C310}"
EndProject
Global
	GlobalSection(SharedMSBuildProjectFiles) = preSolution
		SampleApp.XamarinForms\SampleApp\SampleApp.projitems*{1dcf6393-29c8-4444-8677-164ea4f8e8d6}*SharedItemsImports = 13
		SampleApp.XamarinForms\SampleApp\SampleApp.projitems*{567a3079-feaf-4398-8e78-30fe43253f5b}*SharedItemsImports = 4
		SampleApp.XamarinForms\SampleApp\SampleApp.projitems*{d0d22348-aece-47dd-9daf-dad281aabe4e}*SharedItemsImports = 4
		SampleApp.XamarinForms\SampleApp\SampleApp.projitems*{f65e8dc8-2b9e-4676-8df1-09d4b9a5e9c7}*SharedItemsImports = 4
	EndGlobalSection
	GlobalSection(SolutionConfigurationPlatforms) = preSolution
		Ad-Hoc|Any CPU = Ad-Hoc|Any CPU
		Ad-Hoc|ARM = Ad-Hoc|ARM
		Ad-Hoc|iPhone = Ad-Hoc|iPhone
		Ad-Hoc|iPhoneSimulator = Ad-Hoc|iPhoneSimulator
		Ad-Hoc|x64 = Ad-Hoc|x64
		Ad-Hoc|x86 = Ad-Hoc|x86
		AppStore|Any CPU = AppStore|Any CPU
		AppStore|ARM = AppStore|ARM
		AppStore|iPhone = AppStore|iPhone
		AppStore|iPhoneSimulator = AppStore|iPhoneSimulator
		AppStore|x64 = AppStore|x64
		AppStore|x86 = AppStore|x86
		Debug|Any CPU = Debug|Any CPU
		Debug|ARM = Debug|ARM
		Debug|iPhone = Debug|iPhone
		Debug|iPhoneSimulator = Debug|iPhoneSimulator
		Debug|x64 = Debug|x64
		Debug|x86 = Debug|x86
		Release|Any CPU = Release|Any CPU
		Release|ARM = Release|ARM
		Release|iPhone = Release|iPhone
		Release|iPhoneSimulator = Release|iPhoneSimulator
		Release|x64 = Release|x64
		Release|x86 = Release|x86
	EndGlobalSection
	GlobalSection(ProjectConfigurationPlatforms) = postSolution
		{F65E8DC8-2B9E-4676-8DF1-09D4B9A5E9C7}.Ad-Hoc|Any CPU.ActiveCfg = Release|Any CPU
		{F65E8DC8-2B9E-4676-8DF1-09D4B9A5E9C7}.Ad-Hoc|Any CPU.Build.0 = Release|Any CPU
		{F65E8DC8-2B9E-4676-8DF1-09D4B9A5E9C7}.Ad-Hoc|Any CPU.Deploy.0 = Release|Any CPU
		{F65E8DC8-2B9E-4676-8DF1-09D4B9A5E9C7}.Ad-Hoc|ARM.ActiveCfg = Release|Any CPU
		{F65E8DC8-2B9E-4676-8DF1-09D4B9A5E9C7}.Ad-Hoc|ARM.Build.0 = Release|Any CPU
		{F65E8DC8-2B9E-4676-8DF1-09D4B9A5E9C7}.Ad-Hoc|ARM.Deploy.0 = Release|Any CPU
		{F65E8DC8-2B9E-4676-8DF1-09D4B9A5E9C7}.Ad-Hoc|iPhone.ActiveCfg = Release|Any CPU
		{F65E8DC8-2B9E-4676-8DF1-09D4B9A5E9C7}.Ad-Hoc|iPhone.Build.0 = Release|Any CPU
		{F65E8DC8-2B9E-4676-8DF1-09D4B9A5E9C7}.Ad-Hoc|iPhone.Deploy.0 = Release|Any CPU
		{F65E8DC8-2B9E-4676-8DF1-09D4B9A5E9C7}.Ad-Hoc|iPhoneSimulator.ActiveCfg = Release|Any CPU
		{F65E8DC8-2B9E-4676-8DF1-09D4B9A5E9C7}.Ad-Hoc|iPhoneSimulator.Build.0 = Release|Any CPU
		{F65E8DC8-2B9E-4676-8DF1-09D4B9A5E9C7}.Ad-Hoc|iPhoneSimulator.Deploy.0 = Release|Any CPU
		{F65E8DC8-2B9E-4676-8DF1-09D4B9A5E9C7}.Ad-Hoc|x64.ActiveCfg = Release|Any CPU
		{F65E8DC8-2B9E-4676-8DF1-09D4B9A5E9C7}.Ad-Hoc|x64.Build.0 = Release|Any CPU
		{F65E8DC8-2B9E-4676-8DF1-09D4B9A5E9C7}.Ad-Hoc|x64.Deploy.0 = Release|Any CPU
		{F65E8DC8-2B9E-4676-8DF1-09D4B9A5E9C7}.Ad-Hoc|x86.ActiveCfg = Release|Any CPU
		{F65E8DC8-2B9E-4676-8DF1-09D4B9A5E9C7}.Ad-Hoc|x86.Build.0 = Release|Any CPU
		{F65E8DC8-2B9E-4676-8DF1-09D4B9A5E9C7}.Ad-Hoc|x86.Deploy.0 = Release|Any CPU
		{F65E8DC8-2B9E-4676-8DF1-09D4B9A5E9C7}.AppStore|Any CPU.ActiveCfg = Release|Any CPU
		{F65E8DC8-2B9E-4676-8DF1-09D4B9A5E9C7}.AppStore|Any CPU.Build.0 = Release|Any CPU
		{F65E8DC8-2B9E-4676-8DF1-09D4B9A5E9C7}.AppStore|Any CPU.Deploy.0 = Release|Any CPU
		{F65E8DC8-2B9E-4676-8DF1-09D4B9A5E9C7}.AppStore|ARM.ActiveCfg = Release|Any CPU
		{F65E8DC8-2B9E-4676-8DF1-09D4B9A5E9C7}.AppStore|ARM.Build.0 = Release|Any CPU
		{F65E8DC8-2B9E-4676-8DF1-09D4B9A5E9C7}.AppStore|ARM.Deploy.0 = Release|Any CPU
		{F65E8DC8-2B9E-4676-8DF1-09D4B9A5E9C7}.AppStore|iPhone.ActiveCfg = Release|Any CPU
		{F65E8DC8-2B9E-4676-8DF1-09D4B9A5E9C7}.AppStore|iPhone.Build.0 = Release|Any CPU
		{F65E8DC8-2B9E-4676-8DF1-09D4B9A5E9C7}.AppStore|iPhone.Deploy.0 = Release|Any CPU
		{F65E8DC8-2B9E-4676-8DF1-09D4B9A5E9C7}.AppStore|iPhoneSimulator.ActiveCfg = Release|Any CPU
		{F65E8DC8-2B9E-4676-8DF1-09D4B9A5E9C7}.AppStore|iPhoneSimulator.Build.0 = Release|Any CPU
		{F65E8DC8-2B9E-4676-8DF1-09D4B9A5E9C7}.AppStore|iPhoneSimulator.Deploy.0 = Release|Any CPU
		{F65E8DC8-2B9E-4676-8DF1-09D4B9A5E9C7}.AppStore|x64.ActiveCfg = Release|Any CPU
		{F65E8DC8-2B9E-4676-8DF1-09D4B9A5E9C7}.AppStore|x64.Build.0 = Release|Any CPU
		{F65E8DC8-2B9E-4676-8DF1-09D4B9A5E9C7}.AppStore|x64.Deploy.0 = Release|Any CPU
		{F65E8DC8-2B9E-4676-8DF1-09D4B9A5E9C7}.AppStore|x86.ActiveCfg = Release|Any CPU
		{F65E8DC8-2B9E-4676-8DF1-09D4B9A5E9C7}.AppStore|x86.Build.0 = Release|Any CPU
		{F65E8DC8-2B9E-4676-8DF1-09D4B9A5E9C7}.AppStore|x86.Deploy.0 = Release|Any CPU
		{F65E8DC8-2B9E-4676-8DF1-09D4B9A5E9C7}.Debug|Any CPU.ActiveCfg = Debug|Any CPU
		{F65E8DC8-2B9E-4676-8DF1-09D4B9A5E9C7}.Debug|Any CPU.Build.0 = Debug|Any CPU
		{F65E8DC8-2B9E-4676-8DF1-09D4B9A5E9C7}.Debug|Any CPU.Deploy.0 = Debug|Any CPU
		{F65E8DC8-2B9E-4676-8DF1-09D4B9A5E9C7}.Debug|ARM.ActiveCfg = Debug|Any CPU
		{F65E8DC8-2B9E-4676-8DF1-09D4B9A5E9C7}.Debug|ARM.Build.0 = Debug|Any CPU
		{F65E8DC8-2B9E-4676-8DF1-09D4B9A5E9C7}.Debug|ARM.Deploy.0 = Debug|Any CPU
		{F65E8DC8-2B9E-4676-8DF1-09D4B9A5E9C7}.Debug|iPhone.ActiveCfg = Debug|Any CPU
		{F65E8DC8-2B9E-4676-8DF1-09D4B9A5E9C7}.Debug|iPhone.Build.0 = Debug|Any CPU
		{F65E8DC8-2B9E-4676-8DF1-09D4B9A5E9C7}.Debug|iPhone.Deploy.0 = Debug|Any CPU
		{F65E8DC8-2B9E-4676-8DF1-09D4B9A5E9C7}.Debug|iPhoneSimulator.ActiveCfg = Debug|Any CPU
		{F65E8DC8-2B9E-4676-8DF1-09D4B9A5E9C7}.Debug|iPhoneSimulator.Build.0 = Debug|Any CPU
		{F65E8DC8-2B9E-4676-8DF1-09D4B9A5E9C7}.Debug|iPhoneSimulator.Deploy.0 = Debug|Any CPU
		{F65E8DC8-2B9E-4676-8DF1-09D4B9A5E9C7}.Debug|x64.ActiveCfg = Debug|Any CPU
		{F65E8DC8-2B9E-4676-8DF1-09D4B9A5E9C7}.Debug|x64.Build.0 = Debug|Any CPU
		{F65E8DC8-2B9E-4676-8DF1-09D4B9A5E9C7}.Debug|x64.Deploy.0 = Debug|Any CPU
		{F65E8DC8-2B9E-4676-8DF1-09D4B9A5E9C7}.Debug|x86.ActiveCfg = Debug|Any CPU
		{F65E8DC8-2B9E-4676-8DF1-09D4B9A5E9C7}.Debug|x86.Build.0 = Debug|Any CPU
		{F65E8DC8-2B9E-4676-8DF1-09D4B9A5E9C7}.Debug|x86.Deploy.0 = Debug|Any CPU
		{F65E8DC8-2B9E-4676-8DF1-09D4B9A5E9C7}.Release|Any CPU.ActiveCfg = Release|Any CPU
		{F65E8DC8-2B9E-4676-8DF1-09D4B9A5E9C7}.Release|Any CPU.Build.0 = Release|Any CPU
		{F65E8DC8-2B9E-4676-8DF1-09D4B9A5E9C7}.Release|Any CPU.Deploy.0 = Release|Any CPU
		{F65E8DC8-2B9E-4676-8DF1-09D4B9A5E9C7}.Release|ARM.ActiveCfg = Release|Any CPU
		{F65E8DC8-2B9E-4676-8DF1-09D4B9A5E9C7}.Release|ARM.Build.0 = Release|Any CPU
		{F65E8DC8-2B9E-4676-8DF1-09D4B9A5E9C7}.Release|ARM.Deploy.0 = Release|Any CPU
		{F65E8DC8-2B9E-4676-8DF1-09D4B9A5E9C7}.Release|iPhone.ActiveCfg = Release|Any CPU
		{F65E8DC8-2B9E-4676-8DF1-09D4B9A5E9C7}.Release|iPhone.Build.0 = Release|Any CPU
		{F65E8DC8-2B9E-4676-8DF1-09D4B9A5E9C7}.Release|iPhone.Deploy.0 = Release|Any CPU
		{F65E8DC8-2B9E-4676-8DF1-09D4B9A5E9C7}.Release|iPhoneSimulator.ActiveCfg = Release|Any CPU
		{F65E8DC8-2B9E-4676-8DF1-09D4B9A5E9C7}.Release|iPhoneSimulator.Build.0 = Release|Any CPU
		{F65E8DC8-2B9E-4676-8DF1-09D4B9A5E9C7}.Release|iPhoneSimulator.Deploy.0 = Release|Any CPU
		{F65E8DC8-2B9E-4676-8DF1-09D4B9A5E9C7}.Release|x64.ActiveCfg = Release|Any CPU
		{F65E8DC8-2B9E-4676-8DF1-09D4B9A5E9C7}.Release|x64.Build.0 = Release|Any CPU
		{F65E8DC8-2B9E-4676-8DF1-09D4B9A5E9C7}.Release|x64.Deploy.0 = Release|Any CPU
		{F65E8DC8-2B9E-4676-8DF1-09D4B9A5E9C7}.Release|x86.ActiveCfg = Release|Any CPU
		{F65E8DC8-2B9E-4676-8DF1-09D4B9A5E9C7}.Release|x86.Build.0 = Release|Any CPU
		{F65E8DC8-2B9E-4676-8DF1-09D4B9A5E9C7}.Release|x86.Deploy.0 = Release|Any CPU
		{D0D22348-AECE-47DD-9DAF-DAD281AABE4E}.Ad-Hoc|Any CPU.ActiveCfg = Ad-Hoc|iPhoneSimulator
		{D0D22348-AECE-47DD-9DAF-DAD281AABE4E}.Ad-Hoc|ARM.ActiveCfg = Ad-Hoc|iPhone
		{D0D22348-AECE-47DD-9DAF-DAD281AABE4E}.Ad-Hoc|iPhone.ActiveCfg = Ad-Hoc|iPhone
		{D0D22348-AECE-47DD-9DAF-DAD281AABE4E}.Ad-Hoc|iPhone.Build.0 = Ad-Hoc|iPhone
		{D0D22348-AECE-47DD-9DAF-DAD281AABE4E}.Ad-Hoc|iPhoneSimulator.ActiveCfg = Ad-Hoc|iPhoneSimulator
		{D0D22348-AECE-47DD-9DAF-DAD281AABE4E}.Ad-Hoc|iPhoneSimulator.Build.0 = Ad-Hoc|iPhoneSimulator
		{D0D22348-AECE-47DD-9DAF-DAD281AABE4E}.Ad-Hoc|x64.ActiveCfg = Ad-Hoc|iPhone
		{D0D22348-AECE-47DD-9DAF-DAD281AABE4E}.Ad-Hoc|x86.ActiveCfg = Ad-Hoc|iPhone
		{D0D22348-AECE-47DD-9DAF-DAD281AABE4E}.AppStore|Any CPU.ActiveCfg = AppStore|iPhoneSimulator
		{D0D22348-AECE-47DD-9DAF-DAD281AABE4E}.AppStore|ARM.ActiveCfg = AppStore|iPhone
		{D0D22348-AECE-47DD-9DAF-DAD281AABE4E}.AppStore|iPhone.ActiveCfg = AppStore|iPhone
		{D0D22348-AECE-47DD-9DAF-DAD281AABE4E}.AppStore|iPhone.Build.0 = AppStore|iPhone
		{D0D22348-AECE-47DD-9DAF-DAD281AABE4E}.AppStore|iPhoneSimulator.ActiveCfg = AppStore|iPhoneSimulator
		{D0D22348-AECE-47DD-9DAF-DAD281AABE4E}.AppStore|iPhoneSimulator.Build.0 = AppStore|iPhoneSimulator
		{D0D22348-AECE-47DD-9DAF-DAD281AABE4E}.AppStore|x64.ActiveCfg = AppStore|iPhone
		{D0D22348-AECE-47DD-9DAF-DAD281AABE4E}.AppStore|x86.ActiveCfg = AppStore|iPhone
		{D0D22348-AECE-47DD-9DAF-DAD281AABE4E}.Debug|Any CPU.ActiveCfg = Debug|iPhoneSimulator
		{D0D22348-AECE-47DD-9DAF-DAD281AABE4E}.Debug|ARM.ActiveCfg = Debug|iPhone
		{D0D22348-AECE-47DD-9DAF-DAD281AABE4E}.Debug|iPhone.ActiveCfg = Debug|iPhone
		{D0D22348-AECE-47DD-9DAF-DAD281AABE4E}.Debug|iPhone.Build.0 = Debug|iPhone
		{D0D22348-AECE-47DD-9DAF-DAD281AABE4E}.Debug|iPhoneSimulator.ActiveCfg = Debug|iPhoneSimulator
		{D0D22348-AECE-47DD-9DAF-DAD281AABE4E}.Debug|iPhoneSimulator.Build.0 = Debug|iPhoneSimulator
		{D0D22348-AECE-47DD-9DAF-DAD281AABE4E}.Debug|x64.ActiveCfg = Debug|iPhone
		{D0D22348-AECE-47DD-9DAF-DAD281AABE4E}.Debug|x86.ActiveCfg = Debug|iPhone
		{D0D22348-AECE-47DD-9DAF-DAD281AABE4E}.Release|Any CPU.ActiveCfg = Release|iPhoneSimulator
		{D0D22348-AECE-47DD-9DAF-DAD281AABE4E}.Release|ARM.ActiveCfg = Release|iPhone
		{D0D22348-AECE-47DD-9DAF-DAD281AABE4E}.Release|iPhone.ActiveCfg = Release|iPhone
		{D0D22348-AECE-47DD-9DAF-DAD281AABE4E}.Release|iPhone.Build.0 = Release|iPhone
		{D0D22348-AECE-47DD-9DAF-DAD281AABE4E}.Release|iPhoneSimulator.ActiveCfg = Release|iPhoneSimulator
		{D0D22348-AECE-47DD-9DAF-DAD281AABE4E}.Release|iPhoneSimulator.Build.0 = Release|iPhoneSimulator
		{D0D22348-AECE-47DD-9DAF-DAD281AABE4E}.Release|x64.ActiveCfg = Release|iPhone
		{D0D22348-AECE-47DD-9DAF-DAD281AABE4E}.Release|x86.ActiveCfg = Release|iPhone
		{567A3079-FEAF-4398-8E78-30FE43253F5B}.Ad-Hoc|Any CPU.ActiveCfg = Release|x86
		{567A3079-FEAF-4398-8E78-30FE43253F5B}.Ad-Hoc|Any CPU.Build.0 = Release|x86
		{567A3079-FEAF-4398-8E78-30FE43253F5B}.Ad-Hoc|Any CPU.Deploy.0 = Release|x86
		{567A3079-FEAF-4398-8E78-30FE43253F5B}.Ad-Hoc|ARM.ActiveCfg = Release|ARM
		{567A3079-FEAF-4398-8E78-30FE43253F5B}.Ad-Hoc|ARM.Build.0 = Release|ARM
		{567A3079-FEAF-4398-8E78-30FE43253F5B}.Ad-Hoc|ARM.Deploy.0 = Release|ARM
		{567A3079-FEAF-4398-8E78-30FE43253F5B}.Ad-Hoc|iPhone.ActiveCfg = Release|x86
		{567A3079-FEAF-4398-8E78-30FE43253F5B}.Ad-Hoc|iPhone.Build.0 = Release|x86
		{567A3079-FEAF-4398-8E78-30FE43253F5B}.Ad-Hoc|iPhone.Deploy.0 = Release|x86
		{567A3079-FEAF-4398-8E78-30FE43253F5B}.Ad-Hoc|iPhoneSimulator.ActiveCfg = Release|x86
		{567A3079-FEAF-4398-8E78-30FE43253F5B}.Ad-Hoc|iPhoneSimulator.Build.0 = Release|x86
		{567A3079-FEAF-4398-8E78-30FE43253F5B}.Ad-Hoc|iPhoneSimulator.Deploy.0 = Release|x86
		{567A3079-FEAF-4398-8E78-30FE43253F5B}.Ad-Hoc|x64.ActiveCfg = Release|x64
		{567A3079-FEAF-4398-8E78-30FE43253F5B}.Ad-Hoc|x64.Build.0 = Release|x64
		{567A3079-FEAF-4398-8E78-30FE43253F5B}.Ad-Hoc|x64.Deploy.0 = Release|x64
		{567A3079-FEAF-4398-8E78-30FE43253F5B}.Ad-Hoc|x86.ActiveCfg = Release|x86
		{567A3079-FEAF-4398-8E78-30FE43253F5B}.Ad-Hoc|x86.Build.0 = Release|x86
		{567A3079-FEAF-4398-8E78-30FE43253F5B}.Ad-Hoc|x86.Deploy.0 = Release|x86
		{567A3079-FEAF-4398-8E78-30FE43253F5B}.AppStore|Any CPU.ActiveCfg = Release|x86
		{567A3079-FEAF-4398-8E78-30FE43253F5B}.AppStore|Any CPU.Build.0 = Release|x86
		{567A3079-FEAF-4398-8E78-30FE43253F5B}.AppStore|Any CPU.Deploy.0 = Release|x86
		{567A3079-FEAF-4398-8E78-30FE43253F5B}.AppStore|ARM.ActiveCfg = Release|ARM
		{567A3079-FEAF-4398-8E78-30FE43253F5B}.AppStore|ARM.Build.0 = Release|ARM
		{567A3079-FEAF-4398-8E78-30FE43253F5B}.AppStore|ARM.Deploy.0 = Release|ARM
		{567A3079-FEAF-4398-8E78-30FE43253F5B}.AppStore|iPhone.ActiveCfg = Release|x86
		{567A3079-FEAF-4398-8E78-30FE43253F5B}.AppStore|iPhone.Build.0 = Release|x86
		{567A3079-FEAF-4398-8E78-30FE43253F5B}.AppStore|iPhone.Deploy.0 = Release|x86
		{567A3079-FEAF-4398-8E78-30FE43253F5B}.AppStore|iPhoneSimulator.ActiveCfg = Release|x86
		{567A3079-FEAF-4398-8E78-30FE43253F5B}.AppStore|iPhoneSimulator.Build.0 = Release|x86
		{567A3079-FEAF-4398-8E78-30FE43253F5B}.AppStore|iPhoneSimulator.Deploy.0 = Release|x86
		{567A3079-FEAF-4398-8E78-30FE43253F5B}.AppStore|x64.ActiveCfg = Release|x64
		{567A3079-FEAF-4398-8E78-30FE43253F5B}.AppStore|x64.Build.0 = Release|x64
		{567A3079-FEAF-4398-8E78-30FE43253F5B}.AppStore|x64.Deploy.0 = Release|x64
		{567A3079-FEAF-4398-8E78-30FE43253F5B}.AppStore|x86.ActiveCfg = Release|x86
		{567A3079-FEAF-4398-8E78-30FE43253F5B}.AppStore|x86.Build.0 = Release|x86
		{567A3079-FEAF-4398-8E78-30FE43253F5B}.AppStore|x86.Deploy.0 = Release|x86
		{567A3079-FEAF-4398-8E78-30FE43253F5B}.Debug|Any CPU.ActiveCfg = Debug|x86
		{567A3079-FEAF-4398-8E78-30FE43253F5B}.Debug|ARM.ActiveCfg = Debug|ARM
		{567A3079-FEAF-4398-8E78-30FE43253F5B}.Debug|ARM.Build.0 = Debug|ARM
		{567A3079-FEAF-4398-8E78-30FE43253F5B}.Debug|ARM.Deploy.0 = Debug|ARM
		{567A3079-FEAF-4398-8E78-30FE43253F5B}.Debug|iPhone.ActiveCfg = Debug|x86
		{567A3079-FEAF-4398-8E78-30FE43253F5B}.Debug|iPhoneSimulator.ActiveCfg = Debug|x86
		{567A3079-FEAF-4398-8E78-30FE43253F5B}.Debug|x64.ActiveCfg = Debug|x64
		{567A3079-FEAF-4398-8E78-30FE43253F5B}.Debug|x64.Build.0 = Debug|x64
		{567A3079-FEAF-4398-8E78-30FE43253F5B}.Debug|x64.Deploy.0 = Debug|x64
		{567A3079-FEAF-4398-8E78-30FE43253F5B}.Debug|x86.ActiveCfg = Debug|x86
		{567A3079-FEAF-4398-8E78-30FE43253F5B}.Debug|x86.Build.0 = Debug|x86
		{567A3079-FEAF-4398-8E78-30FE43253F5B}.Debug|x86.Deploy.0 = Debug|x86
		{567A3079-FEAF-4398-8E78-30FE43253F5B}.Release|Any CPU.ActiveCfg = Release|x86
		{567A3079-FEAF-4398-8E78-30FE43253F5B}.Release|ARM.ActiveCfg = Release|ARM
		{567A3079-FEAF-4398-8E78-30FE43253F5B}.Release|ARM.Build.0 = Release|ARM
		{567A3079-FEAF-4398-8E78-30FE43253F5B}.Release|ARM.Deploy.0 = Release|ARM
		{567A3079-FEAF-4398-8E78-30FE43253F5B}.Release|iPhone.ActiveCfg = Release|x86
		{567A3079-FEAF-4398-8E78-30FE43253F5B}.Release|iPhoneSimulator.ActiveCfg = Release|x86
		{567A3079-FEAF-4398-8E78-30FE43253F5B}.Release|x64.ActiveCfg = Release|x64
		{567A3079-FEAF-4398-8E78-30FE43253F5B}.Release|x64.Build.0 = Release|x64
		{567A3079-FEAF-4398-8E78-30FE43253F5B}.Release|x64.Deploy.0 = Release|x64
		{567A3079-FEAF-4398-8E78-30FE43253F5B}.Release|x86.ActiveCfg = Release|x86
		{567A3079-FEAF-4398-8E78-30FE43253F5B}.Release|x86.Build.0 = Release|x86
		{567A3079-FEAF-4398-8E78-30FE43253F5B}.Release|x86.Deploy.0 = Release|x86
		{9478AC76-C193-437C-B0CE-FF76A8AB6C5C}.Ad-Hoc|Any CPU.ActiveCfg = Release|Any CPU
		{9478AC76-C193-437C-B0CE-FF76A8AB6C5C}.Ad-Hoc|Any CPU.Build.0 = Release|Any CPU
		{9478AC76-C193-437C-B0CE-FF76A8AB6C5C}.Ad-Hoc|ARM.ActiveCfg = Release|Any CPU
		{9478AC76-C193-437C-B0CE-FF76A8AB6C5C}.Ad-Hoc|ARM.Build.0 = Release|Any CPU
		{9478AC76-C193-437C-B0CE-FF76A8AB6C5C}.Ad-Hoc|iPhone.ActiveCfg = Release|Any CPU
		{9478AC76-C193-437C-B0CE-FF76A8AB6C5C}.Ad-Hoc|iPhone.Build.0 = Release|Any CPU
		{9478AC76-C193-437C-B0CE-FF76A8AB6C5C}.Ad-Hoc|iPhoneSimulator.ActiveCfg = Release|Any CPU
		{9478AC76-C193-437C-B0CE-FF76A8AB6C5C}.Ad-Hoc|iPhoneSimulator.Build.0 = Release|Any CPU
		{9478AC76-C193-437C-B0CE-FF76A8AB6C5C}.Ad-Hoc|x64.ActiveCfg = Release|Any CPU
		{9478AC76-C193-437C-B0CE-FF76A8AB6C5C}.Ad-Hoc|x64.Build.0 = Release|Any CPU
		{9478AC76-C193-437C-B0CE-FF76A8AB6C5C}.Ad-Hoc|x86.ActiveCfg = Release|Any CPU
		{9478AC76-C193-437C-B0CE-FF76A8AB6C5C}.Ad-Hoc|x86.Build.0 = Release|Any CPU
		{9478AC76-C193-437C-B0CE-FF76A8AB6C5C}.AppStore|Any CPU.ActiveCfg = Release|Any CPU
		{9478AC76-C193-437C-B0CE-FF76A8AB6C5C}.AppStore|Any CPU.Build.0 = Release|Any CPU
		{9478AC76-C193-437C-B0CE-FF76A8AB6C5C}.AppStore|ARM.ActiveCfg = Release|Any CPU
		{9478AC76-C193-437C-B0CE-FF76A8AB6C5C}.AppStore|ARM.Build.0 = Release|Any CPU
		{9478AC76-C193-437C-B0CE-FF76A8AB6C5C}.AppStore|iPhone.ActiveCfg = Release|Any CPU
		{9478AC76-C193-437C-B0CE-FF76A8AB6C5C}.AppStore|iPhone.Build.0 = Release|Any CPU
		{9478AC76-C193-437C-B0CE-FF76A8AB6C5C}.AppStore|iPhoneSimulator.ActiveCfg = Release|Any CPU
		{9478AC76-C193-437C-B0CE-FF76A8AB6C5C}.AppStore|iPhoneSimulator.Build.0 = Release|Any CPU
		{9478AC76-C193-437C-B0CE-FF76A8AB6C5C}.AppStore|x64.ActiveCfg = Release|Any CPU
		{9478AC76-C193-437C-B0CE-FF76A8AB6C5C}.AppStore|x64.Build.0 = Release|Any CPU
		{9478AC76-C193-437C-B0CE-FF76A8AB6C5C}.AppStore|x86.ActiveCfg = Release|Any CPU
		{9478AC76-C193-437C-B0CE-FF76A8AB6C5C}.AppStore|x86.Build.0 = Release|Any CPU
		{9478AC76-C193-437C-B0CE-FF76A8AB6C5C}.Debug|Any CPU.ActiveCfg = Debug|Any CPU
		{9478AC76-C193-437C-B0CE-FF76A8AB6C5C}.Debug|Any CPU.Build.0 = Debug|Any CPU
		{9478AC76-C193-437C-B0CE-FF76A8AB6C5C}.Debug|ARM.ActiveCfg = Debug|Any CPU
		{9478AC76-C193-437C-B0CE-FF76A8AB6C5C}.Debug|ARM.Build.0 = Debug|Any CPU
		{9478AC76-C193-437C-B0CE-FF76A8AB6C5C}.Debug|iPhone.ActiveCfg = Debug|Any CPU
		{9478AC76-C193-437C-B0CE-FF76A8AB6C5C}.Debug|iPhone.Build.0 = Debug|Any CPU
		{9478AC76-C193-437C-B0CE-FF76A8AB6C5C}.Debug|iPhoneSimulator.ActiveCfg = Debug|Any CPU
		{9478AC76-C193-437C-B0CE-FF76A8AB6C5C}.Debug|iPhoneSimulator.Build.0 = Debug|Any CPU
		{9478AC76-C193-437C-B0CE-FF76A8AB6C5C}.Debug|x64.ActiveCfg = Debug|Any CPU
		{9478AC76-C193-437C-B0CE-FF76A8AB6C5C}.Debug|x64.Build.0 = Debug|Any CPU
		{9478AC76-C193-437C-B0CE-FF76A8AB6C5C}.Debug|x86.ActiveCfg = Debug|Any CPU
		{9478AC76-C193-437C-B0CE-FF76A8AB6C5C}.Debug|x86.Build.0 = Debug|Any CPU
		{9478AC76-C193-437C-B0CE-FF76A8AB6C5C}.Release|Any CPU.ActiveCfg = Release|Any CPU
		{9478AC76-C193-437C-B0CE-FF76A8AB6C5C}.Release|Any CPU.Build.0 = Release|Any CPU
		{9478AC76-C193-437C-B0CE-FF76A8AB6C5C}.Release|ARM.ActiveCfg = Release|Any CPU
		{9478AC76-C193-437C-B0CE-FF76A8AB6C5C}.Release|ARM.Build.0 = Release|Any CPU
		{9478AC76-C193-437C-B0CE-FF76A8AB6C5C}.Release|iPhone.ActiveCfg = Release|Any CPU
		{9478AC76-C193-437C-B0CE-FF76A8AB6C5C}.Release|iPhone.Build.0 = Release|Any CPU
		{9478AC76-C193-437C-B0CE-FF76A8AB6C5C}.Release|iPhoneSimulator.ActiveCfg = Release|Any CPU
		{9478AC76-C193-437C-B0CE-FF76A8AB6C5C}.Release|iPhoneSimulator.Build.0 = Release|Any CPU
		{9478AC76-C193-437C-B0CE-FF76A8AB6C5C}.Release|x64.ActiveCfg = Release|Any CPU
		{9478AC76-C193-437C-B0CE-FF76A8AB6C5C}.Release|x64.Build.0 = Release|Any CPU
		{9478AC76-C193-437C-B0CE-FF76A8AB6C5C}.Release|x86.ActiveCfg = Release|Any CPU
		{9478AC76-C193-437C-B0CE-FF76A8AB6C5C}.Release|x86.Build.0 = Release|Any CPU
		{F7A72B47-C581-400E-ABFB-9D56AB17C310}.Ad-Hoc|Any CPU.ActiveCfg = Release|x64
		{F7A72B47-C581-400E-ABFB-9D56AB17C310}.Ad-Hoc|Any CPU.Build.0 = Release|x64
		{F7A72B47-C581-400E-ABFB-9D56AB17C310}.Ad-Hoc|Any CPU.Deploy.0 = Release|x64
		{F7A72B47-C581-400E-ABFB-9D56AB17C310}.Ad-Hoc|ARM.ActiveCfg = Release|ARM
		{F7A72B47-C581-400E-ABFB-9D56AB17C310}.Ad-Hoc|ARM.Build.0 = Release|ARM
		{F7A72B47-C581-400E-ABFB-9D56AB17C310}.Ad-Hoc|ARM.Deploy.0 = Release|ARM
		{F7A72B47-C581-400E-ABFB-9D56AB17C310}.Ad-Hoc|iPhone.ActiveCfg = Release|x64
		{F7A72B47-C581-400E-ABFB-9D56AB17C310}.Ad-Hoc|iPhone.Build.0 = Release|x64
		{F7A72B47-C581-400E-ABFB-9D56AB17C310}.Ad-Hoc|iPhone.Deploy.0 = Release|x64
		{F7A72B47-C581-400E-ABFB-9D56AB17C310}.Ad-Hoc|iPhoneSimulator.ActiveCfg = Release|x64
		{F7A72B47-C581-400E-ABFB-9D56AB17C310}.Ad-Hoc|iPhoneSimulator.Build.0 = Release|x64
		{F7A72B47-C581-400E-ABFB-9D56AB17C310}.Ad-Hoc|iPhoneSimulator.Deploy.0 = Release|x64
		{F7A72B47-C581-400E-ABFB-9D56AB17C310}.Ad-Hoc|x64.ActiveCfg = Release|x64
		{F7A72B47-C581-400E-ABFB-9D56AB17C310}.Ad-Hoc|x64.Build.0 = Release|x64
		{F7A72B47-C581-400E-ABFB-9D56AB17C310}.Ad-Hoc|x64.Deploy.0 = Release|x64
		{F7A72B47-C581-400E-ABFB-9D56AB17C310}.Ad-Hoc|x86.ActiveCfg = Release|x86
		{F7A72B47-C581-400E-ABFB-9D56AB17C310}.Ad-Hoc|x86.Build.0 = Release|x86
		{F7A72B47-C581-400E-ABFB-9D56AB17C310}.Ad-Hoc|x86.Deploy.0 = Release|x86
		{F7A72B47-C581-400E-ABFB-9D56AB17C310}.AppStore|Any CPU.ActiveCfg = Release|x64
		{F7A72B47-C581-400E-ABFB-9D56AB17C310}.AppStore|Any CPU.Build.0 = Release|x64
		{F7A72B47-C581-400E-ABFB-9D56AB17C310}.AppStore|Any CPU.Deploy.0 = Release|x64
		{F7A72B47-C581-400E-ABFB-9D56AB17C310}.AppStore|ARM.ActiveCfg = Release|ARM
		{F7A72B47-C581-400E-ABFB-9D56AB17C310}.AppStore|ARM.Build.0 = Release|ARM
		{F7A72B47-C581-400E-ABFB-9D56AB17C310}.AppStore|ARM.Deploy.0 = Release|ARM
		{F7A72B47-C581-400E-ABFB-9D56AB17C310}.AppStore|iPhone.ActiveCfg = Release|x64
		{F7A72B47-C581-400E-ABFB-9D56AB17C310}.AppStore|iPhone.Build.0 = Release|x64
		{F7A72B47-C581-400E-ABFB-9D56AB17C310}.AppStore|iPhone.Deploy.0 = Release|x64
		{F7A72B47-C581-400E-ABFB-9D56AB17C310}.AppStore|iPhoneSimulator.ActiveCfg = Release|x64
		{F7A72B47-C581-400E-ABFB-9D56AB17C310}.AppStore|iPhoneSimulator.Build.0 = Release|x64
		{F7A72B47-C581-400E-ABFB-9D56AB17C310}.AppStore|iPhoneSimulator.Deploy.0 = Release|x64
		{F7A72B47-C581-400E-ABFB-9D56AB17C310}.AppStore|x64.ActiveCfg = Release|x64
		{F7A72B47-C581-400E-ABFB-9D56AB17C310}.AppStore|x64.Build.0 = Release|x64
		{F7A72B47-C581-400E-ABFB-9D56AB17C310}.AppStore|x64.Deploy.0 = Release|x64
		{F7A72B47-C581-400E-ABFB-9D56AB17C310}.AppStore|x86.ActiveCfg = Release|x86
		{F7A72B47-C581-400E-ABFB-9D56AB17C310}.AppStore|x86.Build.0 = Release|x86
		{F7A72B47-C581-400E-ABFB-9D56AB17C310}.AppStore|x86.Deploy.0 = Release|x86
		{F7A72B47-C581-400E-ABFB-9D56AB17C310}.Debug|Any CPU.ActiveCfg = Debug|x86
		{F7A72B47-C581-400E-ABFB-9D56AB17C310}.Debug|ARM.ActiveCfg = Debug|ARM
		{F7A72B47-C581-400E-ABFB-9D56AB17C310}.Debug|ARM.Build.0 = Debug|ARM
		{F7A72B47-C581-400E-ABFB-9D56AB17C310}.Debug|ARM.Deploy.0 = Debug|ARM
		{F7A72B47-C581-400E-ABFB-9D56AB17C310}.Debug|iPhone.ActiveCfg = Debug|x86
		{F7A72B47-C581-400E-ABFB-9D56AB17C310}.Debug|iPhoneSimulator.ActiveCfg = Debug|x86
		{F7A72B47-C581-400E-ABFB-9D56AB17C310}.Debug|x64.ActiveCfg = Debug|x64
		{F7A72B47-C581-400E-ABFB-9D56AB17C310}.Debug|x64.Build.0 = Debug|x64
		{F7A72B47-C581-400E-ABFB-9D56AB17C310}.Debug|x64.Deploy.0 = Debug|x64
		{F7A72B47-C581-400E-ABFB-9D56AB17C310}.Debug|x86.ActiveCfg = Debug|x86
		{F7A72B47-C581-400E-ABFB-9D56AB17C310}.Debug|x86.Build.0 = Debug|x86
		{F7A72B47-C581-400E-ABFB-9D56AB17C310}.Debug|x86.Deploy.0 = Debug|x86
		{F7A72B47-C581-400E-ABFB-9D56AB17C310}.Release|Any CPU.ActiveCfg = Release|x86
		{F7A72B47-C581-400E-ABFB-9D56AB17C310}.Release|ARM.ActiveCfg = Release|ARM
		{F7A72B47-C581-400E-ABFB-9D56AB17C310}.Release|ARM.Build.0 = Release|ARM
		{F7A72B47-C581-400E-ABFB-9D56AB17C310}.Release|ARM.Deploy.0 = Release|ARM
		{F7A72B47-C581-400E-ABFB-9D56AB17C310}.Release|iPhone.ActiveCfg = Release|x86
		{F7A72B47-C581-400E-ABFB-9D56AB17C310}.Release|iPhoneSimulator.ActiveCfg = Release|x86
		{F7A72B47-C581-400E-ABFB-9D56AB17C310}.Release|x64.ActiveCfg = Release|x64
		{F7A72B47-C581-400E-ABFB-9D56AB17C310}.Release|x64.Build.0 = Release|x64
		{F7A72B47-C581-400E-ABFB-9D56AB17C310}.Release|x64.Deploy.0 = Release|x64
		{F7A72B47-C581-400E-ABFB-9D56AB17C310}.Release|x86.ActiveCfg = Release|x86
		{F7A72B47-C581-400E-ABFB-9D56AB17C310}.Release|x86.Build.0 = Release|x86
		{F7A72B47-C581-400E-ABFB-9D56AB17C310}.Release|x86.Deploy.0 = Release|x86
	EndGlobalSection
	GlobalSection(SolutionProperties) = preSolution
		HideSolutionNode = FALSE
	EndGlobalSection
	GlobalSection(NestedProjects) = preSolution
		{1DCF6393-29C8-4444-8677-164EA4F8E8D6} = {A6AE226C-80FE-4869-9D7C-1AAB7182B051}
		{F65E8DC8-2B9E-4676-8DF1-09D4B9A5E9C7} = {A6AE226C-80FE-4869-9D7C-1AAB7182B051}
		{D0D22348-AECE-47DD-9DAF-DAD281AABE4E} = {A6AE226C-80FE-4869-9D7C-1AAB7182B051}
		{567A3079-FEAF-4398-8E78-30FE43253F5B} = {A6AE226C-80FE-4869-9D7C-1AAB7182B051}
	EndGlobalSection
	GlobalSection(ExtensibilityGlobals) = postSolution
		SolutionGuid = {C4F2B48C-0814-476A-9A22-431FF544EDAD}
	EndGlobalSection
EndGlobal
